version = 1
requires-python = ">=3.11"
resolution-markers = [
    "python_full_version < '3.12'",
    "python_full_version >= '3.12'",
]

[[package]]
name = "colorama"
version = "0.4.6"
source = { registry = "https://pypi.org/simple" }
sdist = { url = "https://files.pythonhosted.org/packages/d8/53/6f443c9a4a8358a93a6792e2acffb9d9d5cb0a5cfd8802644b7b1c9a02e4/colorama-0.4.6.tar.gz", hash = "sha256:08695f5cb7ed6e0531a20572697297273c47b8cae5a63ffc6d6ed5c201be6e44", size = 27697 }
wheels = [
    { url = "https://files.pythonhosted.org/packages/d1/d6/3965ed04c63042e047cb6a3e6ed1a63a35087b6a609aa3a15ed8ac56c221/colorama-0.4.6-py2.py3-none-any.whl", hash = "sha256:4f1d9991f5acc0ca119f9d443620b77f9d6b33703e51011c16baf57afb285fc6", size = 25335 },
]

[[package]]
name = "dill"
version = "0.3.8"
source = { registry = "https://pypi.org/simple" }
sdist = { url = "https://files.pythonhosted.org/packages/17/4d/ac7ffa80c69ea1df30a8aa11b3578692a5118e7cd1aa157e3ef73b092d15/dill-0.3.8.tar.gz", hash = "sha256:3ebe3c479ad625c4553aca177444d89b486b1d84982eeacded644afc0cf797ca", size = 184847 }
wheels = [
    { url = "https://files.pythonhosted.org/packages/c9/7a/cef76fd8438a42f96db64ddaa85280485a9c395e7df3db8158cfec1eee34/dill-0.3.8-py3-none-any.whl", hash = "sha256:c36ca9ffb54365bdd2f8eb3eff7d2a21237f8452b57ace88b1ac615b7e815bd7", size = 116252 },
]

[[package]]
name = "filelock"
version = "3.16.1"
source = { registry = "https://pypi.org/simple" }
sdist = { url = "https://files.pythonhosted.org/packages/9d/db/3ef5bb276dae18d6ec2124224403d1d67bccdbefc17af4cc8f553e341ab1/filelock-3.16.1.tar.gz", hash = "sha256:c249fbfcd5db47e5e2d6d62198e565475ee65e4831e2561c8e313fa7eb961435", size = 18037 }
wheels = [
    { url = "https://files.pythonhosted.org/packages/b9/f8/feced7779d755758a52d1f6635d990b8d98dc0a29fa568bbe0625f18fdf3/filelock-3.16.1-py3-none-any.whl", hash = "sha256:2082e5703d51fbf98ea75855d9d5527e33d8ff23099bec374a134febee6946b0", size = 16163 },
]

[[package]]
name = "iniconfig"
version = "2.0.0"
source = { registry = "https://pypi.org/simple" }
sdist = { url = "https://files.pythonhosted.org/packages/d7/4b/cbd8e699e64a6f16ca3a8220661b5f83792b3017d0f79807cb8708d33913/iniconfig-2.0.0.tar.gz", hash = "sha256:2d91e135bf72d31a410b17c16da610a82cb55f6b0477d1a902134b24a455b8b3", size = 4646 }
wheels = [
    { url = "https://files.pythonhosted.org/packages/ef/a6/62565a6e1cf69e10f5727360368e451d4b7f58beeac6173dc9db836a5b46/iniconfig-2.0.0-py3-none-any.whl", hash = "sha256:b6a85871a79d2e3b22d2d1b94ac2824226a63c6b741c88f7ae975f18b6778374", size = 5892 },
]

[[package]]
name = "multiprocess"
version = "0.70.16"
source = { registry = "https://pypi.org/simple" }
dependencies = [
    { name = "dill" },
]
sdist = { url = "https://files.pythonhosted.org/packages/b5/ae/04f39c5d0d0def03247c2893d6f2b83c136bf3320a2154d7b8858f2ba72d/multiprocess-0.70.16.tar.gz", hash = "sha256:161af703d4652a0e1410be6abccecde4a7ddffd19341be0a7011b94aeb171ac1", size = 1772603 }
wheels = [
    { url = "https://files.pythonhosted.org/packages/bc/f7/7ec7fddc92e50714ea3745631f79bd9c96424cb2702632521028e57d3a36/multiprocess-0.70.16-py310-none-any.whl", hash = "sha256:c4a9944c67bd49f823687463660a2d6daae94c289adff97e0f9d696ba6371d02", size = 134824 },
    { url = "https://files.pythonhosted.org/packages/50/15/b56e50e8debaf439f44befec5b2af11db85f6e0f344c3113ae0be0593a91/multiprocess-0.70.16-py311-none-any.whl", hash = "sha256:af4cabb0dac72abfb1e794fa7855c325fd2b55a10a44628a3c1ad3311c04127a", size = 143519 },
    { url = "https://files.pythonhosted.org/packages/0a/7d/a988f258104dcd2ccf1ed40fdc97e26c4ac351eeaf81d76e266c52d84e2f/multiprocess-0.70.16-py312-none-any.whl", hash = "sha256:fc0544c531920dde3b00c29863377f87e1632601092ea2daca74e4beb40faa2e", size = 146741 },
    { url = "https://files.pythonhosted.org/packages/ea/89/38df130f2c799090c978b366cfdf5b96d08de5b29a4a293df7f7429fa50b/multiprocess-0.70.16-py38-none-any.whl", hash = "sha256:a71d82033454891091a226dfc319d0cfa8019a4e888ef9ca910372a446de4435", size = 132628 },
    { url = "https://files.pythonhosted.org/packages/da/d9/f7f9379981e39b8c2511c9e0326d212accacb82f12fbfdc1aa2ce2a7b2b6/multiprocess-0.70.16-py39-none-any.whl", hash = "sha256:a0bafd3ae1b732eac64be2e72038231c1ba97724b60b09400d68f229fcc2fbf3", size = 133351 },
]

[[package]]
name = "packaging"
version = "24.1"
source = { registry = "https://pypi.org/simple" }
sdist = { url = "https://files.pythonhosted.org/packages/51/65/50db4dda066951078f0a96cf12f4b9ada6e4b811516bf0262c0f4f7064d4/packaging-24.1.tar.gz", hash = "sha256:026ed72c8ed3fcce5bf8950572258698927fd1dbda10a5e981cdf0ac37f4f002", size = 148788 }
wheels = [
    { url = "https://files.pythonhosted.org/packages/08/aa/cc0199a5f0ad350994d660967a8efb233fe0416e4639146c089643407ce6/packaging-24.1-py3-none-any.whl", hash = "sha256:5b8f2217dbdbd2f7f384c41c628544e6d52f2d0f53c6d0c3ea61aa5d1d7ff124", size = 53985 },
]

[[package]]
name = "pluggy"
version = "1.5.0"
source = { registry = "https://pypi.org/simple" }
sdist = { url = "https://files.pythonhosted.org/packages/96/2d/02d4312c973c6050a18b314a5ad0b3210edb65a906f868e31c111dede4a6/pluggy-1.5.0.tar.gz", hash = "sha256:2cffa88e94fdc978c4c574f15f9e59b7f4201d439195c3715ca9e2486f1d0cf1", size = 67955 }
wheels = [
    { url = "https://files.pythonhosted.org/packages/88/5f/e351af9a41f866ac3f1fac4ca0613908d9a41741cfcf2228f4ad853b697d/pluggy-1.5.0-py3-none-any.whl", hash = "sha256:44e1ad92c8ca002de6377e165f3e0f1be63266ab4d554740532335b9d75ea669", size = 20556 },
]

[[package]]
name = "polars"
version = "1.27.1"
source = { registry = "https://pypi.org/simple" }
sdist = { url = "https://files.pythonhosted.org/packages/e1/96/56ab877d3d690bd8e67f5c6aabfd3aa8bc7c33ee901767905f564a6ade36/polars-1.27.1.tar.gz", hash = "sha256:94fcb0216b56cd0594aa777db1760a41ad0dfffed90d2ca446cf9294d2e97f02", size = 4555382 }
wheels = [
    { url = "https://files.pythonhosted.org/packages/a0/f4/be965ca4e1372805d0d2313bb4ed8eae88804fc3bfeb6cb0a07c53191bdb/polars-1.27.1-cp39-abi3-macosx_10_12_x86_64.whl", hash = "sha256:ba7ad4f8046d00dd97c1369e46a4b7e00ffcff5d38c0f847ee4b9b1bb182fb18", size = 34756840 },
    { url = "https://files.pythonhosted.org/packages/c0/1a/ae019d323e83c6e8a9b4323f3fea94e047715847dfa4c4cbaf20a6f8444e/polars-1.27.1-cp39-abi3-macosx_11_0_arm64.whl", hash = "sha256:339e3948748ad6fa7a42e613c3fb165b497ed797e93fce1aa2cddf00fbc16cac", size = 31616000 },
    { url = "https://files.pythonhosted.org/packages/20/c1/c65924c0ca186f481c02b531f1ec66c34f9bbecc11d70246562bb4949876/polars-1.27.1-cp39-abi3-manylinux_2_17_x86_64.manylinux2014_x86_64.whl", hash = "sha256:f801e0d9da198eb97cfb4e8af4242b8396878ff67b655c71570b7e333102b72b", size = 35388976 },
    { url = "https://files.pythonhosted.org/packages/88/c2/37720b8794935f1e77bde439564fa421a41f5fed8111aeb7b9ca0ebafb2d/polars-1.27.1-cp39-abi3-manylinux_2_24_aarch64.whl", hash = "sha256:4d18a29c65222451818b63cd397b2e95c20412ea0065d735a20a4a79a7b26e8a", size = 32586083 },
    { url = "https://files.pythonhosted.org/packages/41/3d/1bb108eb278c1eafb303f78c515fb71c9828944eba3fb5c0ac432b9fad28/polars-1.27.1-cp39-abi3-win_amd64.whl", hash = "sha256:a4f832cf478b282d97f8bf86eeae2df66fa1384de1c49bc61f7224a10cc6a5df", size = 35602500 },
    { url = "https://files.pythonhosted.org/packages/0f/5c/cc23daf0a228d6fadbbfc8a8c5165be33157abe5b9d72af3e127e0542857/polars-1.27.1-cp39-abi3-win_arm64.whl", hash = "sha256:4f238ee2e3c5660345cb62c0f731bbd6768362db96c058098359ecffa42c3c6c", size = 31891470 },
]

[[package]]
name = "pytest"
version = "8.3.3"
source = { registry = "https://pypi.org/simple" }
dependencies = [
    { name = "colorama", marker = "sys_platform == 'win32'" },
    { name = "iniconfig" },
    { name = "packaging" },
    { name = "pluggy" },
]
sdist = { url = "https://files.pythonhosted.org/packages/8b/6c/62bbd536103af674e227c41a8f3dcd022d591f6eed5facb5a0f31ee33bbc/pytest-8.3.3.tar.gz", hash = "sha256:70b98107bd648308a7952b06e6ca9a50bc660be218d53c257cc1fc94fda10181", size = 1442487 }
wheels = [
    { url = "https://files.pythonhosted.org/packages/6b/77/7440a06a8ead44c7757a64362dd22df5760f9b12dc5f11b6188cd2fc27a0/pytest-8.3.3-py3-none-any.whl", hash = "sha256:a6853c7375b2663155079443d2e45de913a911a11d669df02a50814944db57b2", size = 342341 },
]

[[package]]
name = "superparams"
version = "0.0.11"
source = { editable = "." }
dependencies = [
    { name = "filelock" },
    { name = "multiprocess" },
    { name = "polars" },
]

[package.optional-dependencies]
dev = [
    { name = "pytest" },
    { name = "uv" },
]

[package.metadata]
requires-dist = [
    { name = "filelock", specifier = ">=3.16.1" },
    { name = "multiprocess", specifier = ">=0.70.16" },
    { name = "polars", specifier = ">=1.27.1" },
    { name = "pytest", marker = "extra == 'dev'", specifier = ">=8.3.3" },
    { name = "uv", marker = "extra == 'dev'", specifier = ">=0.4.28" },
]

[package.metadata.requires-dev]
dev = [{ name = "superparams", editable = "." }]

[[package]]
name = "uv"
version = "0.4.28"
source = { registry = "https://pypi.org/simple" }
sdist = { url = "https://files.pythonhosted.org/packages/67/5f/4c227d6ca86c1b27a27d953b0f6f7d867d16bf84802dbb2e03dacbcff629/uv-0.4.28.tar.gz", hash = "sha256:bc33e318b676aeba2ea8bcd1e8f38623272b891200cefc54f9c420f4f4091434", size = 2093199 }
wheels = [
    { url = "https://files.pythonhosted.org/packages/fa/47/ba9c8dba784f5fe822ce0591e4951504db8294e549ae9b8c0eabcf80372a/uv-0.4.28-py3-none-linux_armv6l.whl", hash = "sha256:524f38d996b51c27d1342af0d4e69c1524fbcfe57c8e036498811a5079fab070", size = 13207872 },
    { url = "https://files.pythonhosted.org/packages/3b/93/d19ab3a55778f97985203e3792ed79f53739d75f818a4792b0de07e29058/uv-0.4.28-py3-none-macosx_10_12_x86_64.whl", hash = "sha256:2c8c3a719d68181127fcf90c0e5d2a4b76bb405bf464e04c8bf5c6d356109cec", size = 13281267 },
    { url = "https://files.pythonhosted.org/packages/5a/4f/d672cb7467719b4b348e5380e59ac9dc2962b418f66167814e61f96f00a2/uv-0.4.28-py3-none-macosx_11_0_arm64.whl", hash = "sha256:e44e46aecf42e7d075d3428864c42598b3397fd4cdf5fbf198b38673870ac932", size = 12283215 },
    { url = "https://files.pythonhosted.org/packages/24/15/67755fb799c205f7eb3843f60980d794fc4fefe7596097f96bd911ded348/uv-0.4.28-py3-none-manylinux_2_17_aarch64.manylinux2014_aarch64.musllinux_1_1_aarch64.whl", hash = "sha256:7932026532a8294969777fa500dbd3c3a80aada14ac131d9696d596d31068550", size = 12599223 },
    { url = "https://files.pythonhosted.org/packages/50/69/f6e67de2aea1476953fd412a76d2f634369fcd0cdeb23fb64f4c14d1ccbb/uv-0.4.28-py3-none-manylinux_2_17_armv7l.manylinux2014_armv7l.whl", hash = "sha256:d9b8543712257678a5ab7e6865486bc71903c231d151ad1aff663b1c25596744", size = 13014207 },
    { url = "https://files.pythonhosted.org/packages/26/55/14f9f2f1f38493107462b2e8055c25ad8e3eea0821475c9888e91abdfdb1/uv-0.4.28-py3-none-manylinux_2_17_i686.manylinux2014_i686.whl", hash = "sha256:274b5af065a1a3a37456e9f1a8c1c4e9b07825be1c4135d299e022fb0547de38", size = 13621543 },
    { url = "https://files.pythonhosted.org/packages/aa/09/4642cbcb8bcd74bb61089eca207c70dfde535c1a9c1933d809458781b7dc/uv-0.4.28-py3-none-manylinux_2_17_ppc64.manylinux2014_ppc64.whl", hash = "sha256:09a50416622b5df476be774739d1682db9079b7bc7493346c2085cf11b91706b", size = 14230000 },
    { url = "https://files.pythonhosted.org/packages/d3/bf/76f3a245f7c7ee9058202136f83fa9628f7642bbc95eaa50c974c8ad50f1/uv-0.4.28-py3-none-manylinux_2_17_ppc64le.manylinux2014_ppc64le.whl", hash = "sha256:d12b58c945e4805f06b954475642049d97f69796b9a4c5742a6e0a281de0db9c", size = 13964366 },
    { url = "https://files.pythonhosted.org/packages/27/be/59613a92b6fc47b70ab08390f28a429d2aeeee71901e29ab6e069e05cbc9/uv-0.4.28-py3-none-manylinux_2_17_s390x.manylinux2014_s390x.whl", hash = "sha256:4ec1bf494dcf30984b5e6e8208d78a8a4e483855c45c3ea2b1d9e7201d8af00f", size = 18007523 },
    { url = "https://files.pythonhosted.org/packages/c6/55/1aad99613982f87eb9aacb405018365a256387232a12e00fabe3aff6536b/uv-0.4.28-py3-none-manylinux_2_17_x86_64.manylinux2014_x86_64.whl", hash = "sha256:22f6d4f95ceb4735a4c8f0555dda6761a57c8ee7fc1b6b7d7004d6a25a8aec38", size = 13764938 },
    { url = "https://files.pythonhosted.org/packages/00/24/560fa8d5c81df81d33bd61aa677a0c86502035b09a3332a9218e29ef56e3/uv-0.4.28-py3-none-manylinux_2_28_aarch64.whl", hash = "sha256:2e82236e655c5af1905d7ca15c3c96c28a878f2d77a2e4f714d5254baad85b2e", size = 12768270 },
    { url = "https://files.pythonhosted.org/packages/a3/74/8e35216352a8654ab4bfdf6ccd875433c7183ef725bb7947535378f01283/uv-0.4.28-py3-none-musllinux_1_1_armv7l.whl", hash = "sha256:a3c59d5a11e0ddf550e20ea10b5d26ed06acab1192d3b70fe3993444cfe8fd41", size = 13004268 },
    { url = "https://files.pythonhosted.org/packages/24/fb/5723f6b60e0089a1c53d638cbd9c73f8132d361eed68966b7a80afb289bd/uv-0.4.28-py3-none-musllinux_1_1_i686.whl", hash = "sha256:be1ce25068d24b42273182729dc1917654438797346a5d470606949ec344fb22", size = 13344079 },
    { url = "https://files.pythonhosted.org/packages/5f/8d/5cf54b786ce69788a00ffcb7e275bacff80dab72653a04fcd0214be03ec4/uv-0.4.28-py3-none-musllinux_1_1_ppc64le.whl", hash = "sha256:dea9d143e52cc295c9da9840530629196b0dc24c71b31a880f2f979fe3f1d62e", size = 15247117 },
    { url = "https://files.pythonhosted.org/packages/fd/75/b22afa960bf8a74ec66bd35c702ad2552ad93edf3b231e9f29b96d0d519e/uv-0.4.28-py3-none-musllinux_1_1_x86_64.whl", hash = "sha256:6ea1fac8b9b8d785f66e2ab46296e6939a43ab85da538d3eea12a27dfefd84a6", size = 13899919 },
    { url = "https://files.pythonhosted.org/packages/56/30/c9691fc0d9bb8b5c7719429c4313591a251961e7e89b79b2e42349f3cf91/uv-0.4.28-py3-none-win32.whl", hash = "sha256:8a32af23fc619e1e70923a498c097ec6eb120e764315ba164fa7ab8a65af9ba3", size = 13124306 },
    { url = "https://files.pythonhosted.org/packages/45/86/7bb87d8b97fcf807e97f256bfe9d55e31ef788778ec9793f2c9a6a5d128a/uv-0.4.28-py3-none-win_amd64.whl", hash = "sha256:e680313c3b25eee9f9f521fab20746292cf6ef4e162e4f973e0758867702384f", size = 14886993 },
]
